// !$*UTF8*$!
{
	archiveVersion = 1;
	classes = {
	};
	objectVersion = 56;
	objects = {

/* Begin PBXBuildFile section */
		7FAE03BD2A7302BE00799EEB /* Menu.swift in Sources */ = {isa = PBXBuildFile; fileRef = 7FAE03BC2A7302BE00799EEB /* Menu.swift */; };
		7FAE03BF2A730E1300799EEB /* GoogleService-Info.plist in Resources */ = {isa = PBXBuildFile; fileRef = 7FAE03BE2A730E1300799EEB /* GoogleService-Info.plist */; };
		7FAE03C22A730F1200799EEB /* FirebaseAuth in Frameworks */ = {isa = PBXBuildFile; productRef = 7FAE03C12A730F1200799EEB /* FirebaseAuth */; };
		7FAE03C42A730F1200799EEB /* FirebaseDatabaseSwift in Frameworks */ = {isa = PBXBuildFile; productRef = 7FAE03C32A730F1200799EEB /* FirebaseDatabaseSwift */; };
		7FAE03C62A730F1200799EEB /* FirebaseFirestoreSwift in Frameworks */ = {isa = PBXBuildFile; productRef = 7FAE03C52A730F1200799EEB /* FirebaseFirestoreSwift */; };
		7FAE03C82A730F1200799EEB /* FirebaseStorage in Frameworks */ = {isa = PBXBuildFile; productRef = 7FAE03C72A730F1200799EEB /* FirebaseStorage */; };
		7FAE03CA2A7313D800799EEB /* Item.swift in Sources */ = {isa = PBXBuildFile; fileRef = 7FAE03C92A7313D800799EEB /* Item.swift */; };
		7FAE03CC2A73183200799EEB /* ItemView.swift in Sources */ = {isa = PBXBuildFile; fileRef = 7FAE03CB2A73183200799EEB /* ItemView.swift */; };
		7FAE03CF2A731A9600799EEB /* SDWebImageSwiftUI in Frameworks */ = {isa = PBXBuildFile; productRef = 7FAE03CE2A731A9600799EEB /* SDWebImageSwiftUI */; };
		7FB04EBD2A72F0D7000F9B40 /* SwiftUIFoodOrderingAppApp.swift in Sources */ = {isa = PBXBuildFile; fileRef = 7FB04EBC2A72F0D7000F9B40 /* SwiftUIFoodOrderingAppApp.swift */; };
		7FB04EBF2A72F0D7000F9B40 /* ContentView.swift in Sources */ = {isa = PBXBuildFile; fileRef = 7FB04EBE2A72F0D7000F9B40 /* ContentView.swift */; };
		7FB04EC12A72F0D9000F9B40 /* Assets.xcassets in Resources */ = {isa = PBXBuildFile; fileRef = 7FB04EC02A72F0D9000F9B40 /* Assets.xcassets */; };
		7FB04EC42A72F0D9000F9B40 /* Preview Assets.xcassets in Resources */ = {isa = PBXBuildFile; fileRef = 7FB04EC32A72F0D9000F9B40 /* Preview Assets.xcassets */; };
		7FB04ECB2A72F12B000F9B40 /* Home.swift in Sources */ = {isa = PBXBuildFile; fileRef = 7FB04ECA2A72F12B000F9B40 /* Home.swift */; };
		7FB04ECD2A72F461000F9B40 /* HomeViewModel.swift in Sources */ = {isa = PBXBuildFile; fileRef = 7FB04ECC2A72F461000F9B40 /* HomeViewModel.swift */; };
/* End PBXBuildFile section */

/* Begin PBXFileReference section */
		7FAE03BC2A7302BE00799EEB /* Menu.swift */ = {isa = PBXFileReference; lastKnownFileType = sourcecode.swift; path = Menu.swift; sourceTree = "<group>"; };
		7FAE03BE2A730E1300799EEB /* GoogleService-Info.plist */ = {isa = PBXFileReference; fileEncoding = 4; lastKnownFileType = text.plist.xml; path = "GoogleService-Info.plist"; sourceTree = "<group>"; };
		7FAE03C92A7313D800799EEB /* Item.swift */ = {isa = PBXFileReference; lastKnownFileType = sourcecode.swift; path = Item.swift; sourceTree = "<group>"; };
		7FAE03CB2A73183200799EEB /* ItemView.swift */ = {isa = PBXFileReference; lastKnownFileType = sourcecode.swift; path = ItemView.swift; sourceTree = "<group>"; };
		7FB04EB92A72F0D7000F9B40 /* SwiftUIFoodOrderingApp.app */ = {isa = PBXFileReference; explicitFileType = wrapper.application; includeInIndex = 0; path = SwiftUIFoodOrderingApp.app; sourceTree = BUILT_PRODUCTS_DIR; };
		7FB04EBC2A72F0D7000F9B40 /* SwiftUIFoodOrderingAppApp.swift */ = {isa = PBXFileReference; lastKnownFileType = sourcecode.swift; path = SwiftUIFoodOrderingAppApp.swift; sourceTree = "<group>"; };
		7FB04EBE2A72F0D7000F9B40 /* ContentView.swift */ = {isa = PBXFileReference; lastKnownFileType = sourcecode.swift; path = ContentView.swift; sourceTree = "<group>"; };
		7FB04EC02A72F0D9000F9B40 /* Assets.xcassets */ = {isa = PBXFileReference; lastKnownFileType = folder.assetcatalog; path = Assets.xcassets; sourceTree = "<group>"; };
		7FB04EC32A72F0D9000F9B40 /* Preview Assets.xcassets */ = {isa = PBXFileReference; lastKnownFileType = folder.assetcatalog; path = "Preview Assets.xcassets"; sourceTree = "<group>"; };
		7FB04ECA2A72F12B000F9B40 /* Home.swift */ = {isa = PBXFileReference; lastKnownFileType = sourcecode.swift; path = Home.swift; sourceTree = "<group>"; };
		7FB04ECC2A72F461000F9B40 /* HomeViewModel.swift */ = {isa = PBXFileReference; lastKnownFileType = sourcecode.swift; path = HomeViewModel.swift; sourceTree = "<group>"; };
/* End PBXFileReference section */

/* Begin PBXFrameworksBuildPhase section */
		7FB04EB62A72F0D7000F9B40 /* Frameworks */ = {
			isa = PBXFrameworksBuildPhase;
			buildActionMask = 2147483647;
			files = (
				7FAE03CF2A731A9600799EEB /* SDWebImageSwiftUI in Frameworks */,
				7FAE03C42A730F1200799EEB /* FirebaseDatabaseSwift in Frameworks */,
				7FAE03C82A730F1200799EEB /* FirebaseStorage in Frameworks */,
				7FAE03C22A730F1200799EEB /* FirebaseAuth in Frameworks */,
				7FAE03C62A730F1200799EEB /* FirebaseFirestoreSwift in Frameworks */,
			);
			runOnlyForDeploymentPostprocessing = 0;
		};
/* End PBXFrameworksBuildPhase section */

/* Begin PBXGroup section */
		7FB04EB02A72F0D7000F9B40 = {
			isa = PBXGroup;
			children = (
				7FAE03BE2A730E1300799EEB /* GoogleService-Info.plist */,
				7FB04EBB2A72F0D7000F9B40 /* SwiftUIFoodOrderingApp */,
				7FB04EBA2A72F0D7000F9B40 /* Products */,
			);
			sourceTree = "<group>";
		};
		7FB04EBA2A72F0D7000F9B40 /* Products */ = {
			isa = PBXGroup;
			children = (
				7FB04EB92A72F0D7000F9B40 /* SwiftUIFoodOrderingApp.app */,
			);
			name = Products;
			sourceTree = "<group>";
		};
		7FB04EBB2A72F0D7000F9B40 /* SwiftUIFoodOrderingApp */ = {
			isa = PBXGroup;
			children = (
				7FB04EBC2A72F0D7000F9B40 /* SwiftUIFoodOrderingAppApp.swift */,
				7FB04EBE2A72F0D7000F9B40 /* ContentView.swift */,
				7FB04ECA2A72F12B000F9B40 /* Home.swift */,
				7FB04ECC2A72F461000F9B40 /* HomeViewModel.swift */,
				7FAE03BC2A7302BE00799EEB /* Menu.swift */,
				7FAE03C92A7313D800799EEB /* Item.swift */,
				7FAE03CB2A73183200799EEB /* ItemView.swift */,
				7FB04EC02A72F0D9000F9B40 /* Assets.xcassets */,
				7FB04EC22A72F0D9000F9B40 /* Preview Content */,
			);
			path = SwiftUIFoodOrderingApp;
			sourceTree = "<group>";
		};
		7FB04EC22A72F0D9000F9B40 /* Preview Content */ = {
			isa = PBXGroup;
			children = (
				7FB04EC32A72F0D9000F9B40 /* Preview Assets.xcassets */,
			);
			path = "Preview Content";
			sourceTree = "<group>";
		};
/* End PBXGroup section */

/* Begin PBXNativeTarget section */
		7FB04EB82A72F0D7000F9B40 /* SwiftUIFoodOrderingApp */ = {
			isa = PBXNativeTarget;
			buildConfigurationList = 7FB04EC72A72F0D9000F9B40 /* Build configuration list for PBXNativeTarget "SwiftUIFoodOrderingApp" */;
			buildPhases = (
				7FB04EB52A72F0D7000F9B40 /* Sources */,
				7FB04EB62A72F0D7000F9B40 /* Frameworks */,
				7FB04EB72A72F0D7000F9B40 /* Resources */,
			);
			buildRules = (
			);
			dependencies = (
			);
			name = SwiftUIFoodOrderingApp;
			packageProductDependencies = (
				7FAE03C12A730F1200799EEB /* FirebaseAuth */,
				7FAE03C32A730F1200799EEB /* FirebaseDatabaseSwift */,
				7FAE03C52A730F1200799EEB /* FirebaseFirestoreSwift */,
				7FAE03C72A730F1200799EEB /* FirebaseStorage */,
				7FAE03CE2A731A9600799EEB /* SDWebImageSwiftUI */,
			);
			productName = SwiftUIFoodOrderingApp;
			productReference = 7FB04EB92A72F0D7000F9B40 /* SwiftUIFoodOrderingApp.app */;
			productType = "com.apple.product-type.application";
		};
/* End PBXNativeTarget section */

/* Begin PBXProject section */
		7FB04EB12A72F0D7000F9B40 /* Project object */ = {
			isa = PBXProject;
			attributes = {
				BuildIndependentTargetsInParallel = 1;
				LastSwiftUpdateCheck = 1430;
				LastUpgradeCheck = 1430;
				TargetAttributes = {
					7FB04EB82A72F0D7000F9B40 = {
						CreatedOnToolsVersion = 14.3.1;
					};
				};
			};
			buildConfigurationList = 7FB04EB42A72F0D7000F9B40 /* Build configuration list for PBXProject "SwiftUIFoodOrderingApp" */;
			compatibilityVersion = "Xcode 14.0";
			developmentRegion = en;
			hasScannedForEncodings = 0;
			knownRegions = (
				en,
				Base,
			);
			mainGroup = 7FB04EB02A72F0D7000F9B40;
			packageReferences = (
				7FAE03C02A730F1200799EEB /* XCRemoteSwiftPackageReference "firebase-ios-sdk" */,
				7FAE03CD2A731A9600799EEB /* XCRemoteSwiftPackageReference "SDWebImageSwiftUI" */,
			);
			productRefGroup = 7FB04EBA2A72F0D7000F9B40 /* Products */;
			projectDirPath = "";
			projectRoot = "";
			targets = (
				7FB04EB82A72F0D7000F9B40 /* SwiftUIFoodOrderingApp */,
			);
		};
/* End PBXProject section */

/* Begin PBXResourcesBuildPhase section */
		7FB04EB72A72F0D7000F9B40 /* Resources */ = {
			isa = PBXResourcesBuildPhase;
			buildActionMask = 2147483647;
			files = (
				7FB04EC42A72F0D9000F9B40 /* Preview Assets.xcassets in Resources */,
				7FB04EC12A72F0D9000F9B40 /* Assets.xcassets in Resources */,
				7FAE03BF2A730E1300799EEB /* GoogleService-Info.plist in Resources */,
			);
			runOnlyForDeploymentPostprocessing = 0;
		};
/* End PBXResourcesBuildPhase section */

/* Begin PBXSourcesBuildPhase section */
		7FB04EB52A72F0D7000F9B40 /* Sources */ = {
			isa = PBXSourcesBuildPhase;
			buildActionMask = 2147483647;
			files = (
				7FB04EBF2A72F0D7000F9B40 /* ContentView.swift in Sources */,
				7FB04ECB2A72F12B000F9B40 /* Home.swift in Sources */,
				7FB04EBD2A72F0D7000F9B40 /* SwiftUIFoodOrderingAppApp.swift in Sources */,
				7FB04ECD2A72F461000F9B40 /* HomeViewModel.swift in Sources */,
				7FAE03CC2A73183200799EEB /* ItemView.swift in Sources */,
				7FAE03CA2A7313D800799EEB /* Item.swift in Sources */,
				7FAE03BD2A7302BE00799EEB /* Menu.swift in Sources */,
			);
			runOnlyForDeploymentPostprocessing = 0;
		};
/* End PBXSourcesBuildPhase section */

/* Begin XCBuildConfiguration section */
		7FB04EC52A72F0D9000F9B40 /* Debug */ = {
			isa = XCBuildConfiguration;
			buildSettings = {
				ALWAYS_SEARCH_USER_PATHS = NO;
				CLANG_ANALYZER_NONNULL = YES;
				CLANG_ANALYZER_NUMBER_OBJECT_CONVERSION = YES_AGGRESSIVE;
				CLANG_CXX_LANGUAGE_STANDARD = "gnu++20";
				CLANG_ENABLE_MODULES = YES;
				CLANG_ENABLE_OBJC_ARC = YES;
				CLANG_ENABLE_OBJC_WEAK = YES;
				CLANG_WARN_BLOCK_CAPTURE_AUTORELEASING = YES;
				CLANG_WARN_BOOL_CONVERSION = YES;
				CLANG_WARN_COMMA = YES;
				CLANG_WARN_CONSTANT_CONVERSION = YES;
				CLANG_WARN_DEPRECATED_OBJC_IMPLEMENTATIONS = YES;
				CLANG_WARN_DIRECT_OBJC_ISA_USAGE = YES_ERROR;
				CLANG_WARN_DOCUMENTATION_COMMENTS = YES;
				CLANG_WARN_EMPTY_BODY = YES;
				CLANG_WARN_ENUM_CONVERSION = YES;
				CLANG_WARN_INFINITE_RECURSION = YES;
				CLANG_WARN_INT_CONVERSION = YES;
				CLANG_WARN_NON_LITERAL_NULL_CONVERSION = YES;
				CLANG_WARN_OBJC_IMPLICIT_RETAIN_SELF = YES;
				CLANG_WARN_OBJC_LITERAL_CONVERSION = YES;
				CLANG_WARN_OBJC_ROOT_CLASS = YES_ERROR;
				CLANG_WARN_QUOTED_INCLUDE_IN_FRAMEWORK_HEADER = YES;
				CLANG_WARN_RANGE_LOOP_ANALYSIS = YES;
				CLANG_WARN_STRICT_PROTOTYPES = YES;
				CLANG_WARN_SUSPICIOUS_MOVE = YES;
				CLANG_WARN_UNGUARDED_AVAILABILITY = YES_AGGRESSIVE;
				CLANG_WARN_UNREACHABLE_CODE = YES;
				CLANG_WARN__DUPLICATE_METHOD_MATCH = YES;
				COPY_PHASE_STRIP = NO;
				DEBUG_INFORMATION_FORMAT = dwarf;
				ENABLE_STRICT_OBJC_MSGSEND = YES;
				ENABLE_TESTABILITY = YES;
				GCC_C_LANGUAGE_STANDARD = gnu11;
				GCC_DYNAMIC_NO_PIC = NO;
				GCC_NO_COMMON_BLOCKS = YES;
				GCC_OPTIMIZATION_LEVEL = 0;
				GCC_PREPROCESSOR_DEFINITIONS = (
					"DEBUG=1",
					"$(inherited)",
				);
				GCC_WARN_64_TO_32_BIT_CONVERSION = YES;
				GCC_WARN_ABOUT_RETURN_TYPE = YES_ERROR;
				GCC_WARN_UNDECLARED_SELECTOR = YES;
				GCC_WARN_UNINITIALIZED_AUTOS = YES_AGGRESSIVE;
				GCC_WARN_UNUSED_FUNCTION = YES;
				GCC_WARN_UNUSED_VARIABLE = YES;
				IPHONEOS_DEPLOYMENT_TARGET = 16.4;
				MTL_ENABLE_DEBUG_INFO = INCLUDE_SOURCE;
				MTL_FAST_MATH = YES;
				ONLY_ACTIVE_ARCH = YES;
				SDKROOT = iphoneos;
				SWIFT_ACTIVE_COMPILATION_CONDITIONS = DEBUG;
				SWIFT_OPTIMIZATION_LEVEL = "-Onone";
			};
			name = Debug;
		};
		7FB04EC62A72F0D9000F9B40 /* Release */ = {
			isa = XCBuildConfiguration;
			buildSettings = {
				ALWAYS_SEARCH_USER_PATHS = NO;
				CLANG_ANALYZER_NONNULL = YES;
				CLANG_ANALYZER_NUMBER_OBJECT_CONVERSION = YES_AGGRESSIVE;
				CLANG_CXX_LANGUAGE_STANDARD = "gnu++20";
				CLANG_ENABLE_MODULES = YES;
				CLANG_ENABLE_OBJC_ARC = YES;
				CLANG_ENABLE_OBJC_WEAK = YES;
				CLANG_WARN_BLOCK_CAPTURE_AUTORELEASING = YES;
				CLANG_WARN_BOOL_CONVERSION = YES;
				CLANG_WARN_COMMA = YES;
				CLANG_WARN_CONSTANT_CONVERSION = YES;
				CLANG_WARN_DEPRECATED_OBJC_IMPLEMENTATIONS = YES;
				CLANG_WARN_DIRECT_OBJC_ISA_USAGE = YES_ERROR;
				CLANG_WARN_DOCUMENTATION_COMMENTS = YES;
				CLANG_WARN_EMPTY_BODY = YES;
				CLANG_WARN_ENUM_CONVERSION = YES;
				CLANG_WARN_INFINITE_RECURSION = YES;
				CLANG_WARN_INT_CONVERSION = YES;
				CLANG_WARN_NON_LITERAL_NULL_CONVERSION = YES;
				CLANG_WARN_OBJC_IMPLICIT_RETAIN_SELF = YES;
				CLANG_WARN_OBJC_LITERAL_CONVERSION = YES;
				CLANG_WARN_OBJC_ROOT_CLASS = YES_ERROR;
				CLANG_WARN_QUOTED_INCLUDE_IN_FRAMEWORK_HEADER = YES;
				CLANG_WARN_RANGE_LOOP_ANALYSIS = YES;
				CLANG_WARN_STRICT_PROTOTYPES = YES;
				CLANG_WARN_SUSPICIOUS_MOVE = YES;
				CLANG_WARN_UNGUARDED_AVAILABILITY = YES_AGGRESSIVE;
				CLANG_WARN_UNREACHABLE_CODE = YES;
				CLANG_WARN__DUPLICATE_METHOD_MATCH = YES;
				COPY_PHASE_STRIP = NO;
				DEBUG_INFORMATION_FORMAT = "dwarf-with-dsym";
				ENABLE_NS_ASSERTIONS = NO;
				ENABLE_STRICT_OBJC_MSGSEND = YES;
				GCC_C_LANGUAGE_STANDARD = gnu11;
				GCC_NO_COMMON_BLOCKS = YES;
				GCC_WARN_64_TO_32_BIT_CONVERSION = YES;
				GCC_WARN_ABOUT_RETURN_TYPE = YES_ERROR;
				GCC_WARN_UNDECLARED_SELECTOR = YES;
				GCC_WARN_UNINITIALIZED_AUTOS = YES_AGGRESSIVE;
				GCC_WARN_UNUSED_FUNCTION = YES;
				GCC_WARN_UNUSED_VARIABLE = YES;
				IPHONEOS_DEPLOYMENT_TARGET = 16.4;
				MTL_ENABLE_DEBUG_INFO = NO;
				MTL_FAST_MATH = YES;
				SDKROOT = iphoneos;
				SWIFT_COMPILATION_MODE = wholemodule;
				SWIFT_OPTIMIZATION_LEVEL = "-O";
				VALIDATE_PRODUCT = YES;
			};
			name = Release;
		};
		7FB04EC82A72F0D9000F9B40 /* Debug */ = {
			isa = XCBuildConfiguration;
			buildSettings = {
				ASSETCATALOG_COMPILER_APPICON_NAME = AppIcon;
				ASSETCATALOG_COMPILER_GLOBAL_ACCENT_COLOR_NAME = AccentColor;
				CODE_SIGN_STYLE = Automatic;
				CURRENT_PROJECT_VERSION = 1;
				DEVELOPMENT_ASSET_PATHS = "\"SwiftUIFoodOrderingApp/Preview Content\"";
				DEVELOPMENT_TEAM = 2BWS35SAJK;
				ENABLE_PREVIEWS = YES;
				GENERATE_INFOPLIST_FILE = YES;
				INFOPLIST_KEY_NSLocationWhenInUseUsageDescription = "allow use location";
				INFOPLIST_KEY_UIApplicationSceneManifest_Generation = YES;
				INFOPLIST_KEY_UIApplicationSupportsIndirectInputEvents = YES;
				INFOPLIST_KEY_UILaunchScreen_Generation = YES;
				INFOPLIST_KEY_UISupportedInterfaceOrientations_iPad = "UIInterfaceOrientationPortrait UIInterfaceOrientationPortraitUpsideDown UIInterfaceOrientationLandscapeLeft UIInterfaceOrientationLandscapeRight";
				INFOPLIST_KEY_UISupportedInterfaceOrientations_iPhone = "UIInterfaceOrientationPortrait UIInterfaceOrientationLandscapeLeft UIInterfaceOrientationLandscapeRight";
				LD_RUNPATH_SEARCH_PATHS = (
					"$(inherited)",
					"@executable_path/Frameworks",
				);
				MARKETING_VERSION = 1.0;
				PRODUCT_BUNDLE_IDENTIFIER = se.iappie.SwiftUIFoodOrderingApp;
				PRODUCT_NAME = "$(TARGET_NAME)";
				SWIFT_EMIT_LOC_STRINGS = YES;
				SWIFT_VERSION = 5.0;
				TARGETED_DEVICE_FAMILY = "1,2";
			};
			name = Debug;
		};
		7FB04EC92A72F0D9000F9B40 /* Release */ = {
			isa = XCBuildConfiguration;
			buildSettings = {
				ASSETCATALOG_COMPILER_APPICON_NAME = AppIcon;
				ASSETCATALOG_COMPILER_GLOBAL_ACCENT_COLOR_NAME = AccentColor;
				CODE_SIGN_STYLE = Automatic;
				CURRENT_PROJECT_VERSION = 1;
				DEVELOPMENT_ASSET_PATHS = "\"SwiftUIFoodOrderingApp/Preview Content\"";
				DEVELOPMENT_TEAM = 2BWS35SAJK;
				ENABLE_PREVIEWS = YES;
				GENERATE_INFOPLIST_FILE = YES;
				INFOPLIST_KEY_NSLocationWhenInUseUsageDescription = "allow use location";
				INFOPLIST_KEY_UIApplicationSceneManifest_Generation = YES;
				INFOPLIST_KEY_UIApplicationSupportsIndirectInputEvents = YES;
				INFOPLIST_KEY_UILaunchScreen_Generation = YES;
				INFOPLIST_KEY_UISupportedInterfaceOrientations_iPad = "UIInterfaceOrientationPortrait UIInterfaceOrientationPortraitUpsideDown UIInterfaceOrientationLandscapeLeft UIInterfaceOrientationLandscapeRight";
				INFOPLIST_KEY_UISupportedInterfaceOrientations_iPhone = "UIInterfaceOrientationPortrait UIInterfaceOrientationLandscapeLeft UIInterfaceOrientationLandscapeRight";
				LD_RUNPATH_SEARCH_PATHS = (
					"$(inherited)",
					"@executable_path/Frameworks",
				);
				MARKETING_VERSION = 1.0;
				PRODUCT_BUNDLE_IDENTIFIER = se.iappie.SwiftUIFoodOrderingApp;
				PRODUCT_NAME = "$(TARGET_NAME)";
				SWIFT_EMIT_LOC_STRINGS = YES;
				SWIFT_VERSION = 5.0;
				TARGETED_DEVICE_FAMILY = "1,2";
			};
			name = Release;
		};
/* End XCBuildConfiguration section */

/* Begin XCConfigurationList section */
		7FB04EB42A72F0D7000F9B40 /* Build configuration list for PBXProject "SwiftUIFoodOrderingApp" */ = {
			isa = XCConfigurationList;
			buildConfigurations = (
				7FB04EC52A72F0D9000F9B40 /* Debug */,
				7FB04EC62A72F0D9000F9B40 /* Release */,
			);
			defaultConfigurationIsVisible = 0;
			defaultConfigurationName = Release;
		};
		7FB04EC72A72F0D9000F9B40 /* Build configuration list for PBXNativeTarget "SwiftUIFoodOrderingApp" */ = {
			isa = XCConfigurationList;
			buildConfigurations = (
				7FB04EC82A72F0D9000F9B40 /* Debug */,
				7FB04EC92A72F0D9000F9B40 /* Release */,
			);
			defaultConfigurationIsVisible = 0;
			defaultConfigurationName = Release;
		};
/* End XCConfigurationList section */

/* Begin XCRemoteSwiftPackageReference section */
		7FAE03C02A730F1200799EEB /* XCRemoteSwiftPackageReference "firebase-ios-sdk" */ = {
			isa = XCRemoteSwiftPackageReference;
			repositoryURL = "https://github.com/firebase/firebase-ios-sdk";
			requirement = {
				kind = upToNextMajorVersion;
				minimumVersion = 10.0.0;
			};
		};
		7FAE03CD2A731A9600799EEB /* XCRemoteSwiftPackageReference "SDWebImageSwiftUI" */ = {
			isa = XCRemoteSwiftPackageReference;
			repositoryURL = "https://github.com/SDWebImage/SDWebImageSwiftUI.git";
			requirement = {
				kind = upToNextMajorVersion;
				minimumVersion = 2.0.0;
			};
		};
/* End XCRemoteSwiftPackageReference section */

/* Begin XCSwiftPackageProductDependency section */
		7FAE03C12A730F1200799EEB /* FirebaseAuth */ = {
			isa = XCSwiftPackageProductDependency;
			package = 7FAE03C02A730F1200799EEB /* XCRemoteSwiftPackageReference "firebase-ios-sdk" */;
			productName = FirebaseAuth;
		};
		7FAE03C32A730F1200799EEB /* FirebaseDatabaseSwift */ = {
			isa = XCSwiftPackageProductDependency;
			package = 7FAE03C02A730F1200799EEB /* XCRemoteSwiftPackageReference "firebase-ios-sdk" */;
			productName = FirebaseDatabaseSwift;
		};
		7FAE03C52A730F1200799EEB /* FirebaseFirestoreSwift */ = {
			isa = XCSwiftPackageProductDependency;
			package = 7FAE03C02A730F1200799EEB /* XCRemoteSwiftPackageReference "firebase-ios-sdk" */;
			productName = FirebaseFirestoreSwift;
		};
		7FAE03C72A730F1200799EEB /* FirebaseStorage */ = {
			isa = XCSwiftPackageProductDependency;
			package = 7FAE03C02A730F1200799EEB /* XCRemoteSwiftPackageReference "firebase-ios-sdk" */;
			productName = FirebaseStorage;
		};
		7FAE03CE2A731A9600799EEB /* SDWebImageSwiftUI */ = {
			isa = XCSwiftPackageProductDependency;
			package = 7FAE03CD2A731A9600799EEB /* XCRemoteSwiftPackageReference "SDWebImageSwiftUI" */;
			productName = SDWebImageSwiftUI;
		};
/* End XCSwiftPackageProductDependency section */
	};
	rootObject = 7FB04EB12A72F0D7000F9B40 /* Project object */;
}
